# This file is generated by running "yarn install" inside your project.
# Manual changes might be lost - proceed with caution!

__metadata:
  version: 4
  cacheKey: 8

"@types/prettier@npm:1.19.0":
  version: 1.19.0
  resolution: "@types/prettier@npm:1.19.0"
  checksum: eea38e633f58af215351bea720cfa44dcdff0dbb6ebaba6383025ef666b12819d26db521f7252381d5da6b0fa281bb24091dc774d37c34e10768e0459effb108
  languageName: node
  linkType: hard

"@vtex/prettier-config@npm:^0.3.1":
  version: 0.3.6
  resolution: "@vtex/prettier-config@npm:0.3.6"
  peerDependencies:
    prettier: ^1.18.2 || ^2.0.4
  checksum: 5aacf156d873a5c1eddebf9ae739bff0417d05bbb7b167959af9c505181069487c7cf0429de656f87261d396752bbb5cdeabf60d10ec068c1a7ec4f72f1e1513
  languageName: node
  linkType: hard

"esutils@npm:2.0.3":
  version: 2.0.3
  resolution: "esutils@npm:2.0.3"
  checksum: 22b5b08f74737379a840b8ed2036a5fb35826c709ab000683b092d9054e5c2a82c27818f12604bfc2a9a76b90b6834ef081edbc1c7ae30d1627012e067c6ec87
  languageName: node
  linkType: hard

"prettier-plugin-json-formats@npm:^0.2.0":
  version: 0.2.0
  resolution: "prettier-plugin-json-formats@npm:0.2.0"
  dependencies:
    "@types/prettier": 1.19.0
    esutils: 2.0.3
  peerDependencies:
    prettier: ^1.19.1
  checksum: c7bf90af28502c358cd83af61f0100f4ab4dbf4c7aa908367d60b1bb0d9cecdc750c528797742346081fff8e0ee64c76894308fa2affcc210cf9ed50878e0037
  languageName: node
  linkType: hard

"root-workspace-0b6124@workspace:.":
  version: 0.0.0-use.local
  resolution: "root-workspace-0b6124@workspace:."
  dependencies:
    "@vtex/prettier-config": ^0.3.1
    prettier-plugin-json-formats: ^0.2.0
  languageName: unknown
  linkType: soft
